
Microsoft Visual Studio Solution File, Format Version 12.00
# Visual Studio Version 16
VisualStudioVersion = 16.0.32106.194
MinimumVisualStudioVersion = 10.0.40219.1
Project("{FAE04EC0-301F-11D3-BF4B-00C04F79EFBC}") = "game2", "game2\game2.csproj", "{A071F703-CD86-4516-BCEB-0CE523CA449C}"
EndProject
Global
	GlobalSection(SolutionConfigurationPlatforms) = preSolution
		Debug|Any CPU = Debug|Any CPU
		Release|Any CPU = Release|Any CPU
	EndGlobalSection
	GlobalSection(ProjectConfigurationPlatforms) = postSolution
		{A071F703-CD86-4516-BCEB-0CE523CA449C}.Debug|Any CPU.ActiveCfg = Debug|Any CPU
		{A071F703-CD86-4516-BCEB-0CE523CA449C}.Debug|Any CPU.Build.0 = Debug|Any CPU
		{A071F703-CD86-4516-BCEB-0CE523CA449C}.Release|Any CPU.ActiveCfg = Release|Any CPU
		{A071F703-CD86-4516-BCEB-0CE523CA449C}.Release|Any CPU.Build.0 = Release|Any CPU
	EndGlobalSection
	GlobalSection(SolutionProperties) = preSolution
		HideSolutionNode = FALSE
	EndGlobalSection
	GlobalSection(ExtensibilityGlobals) = postSolution
		SolutionGuid = {DBC7F0C3-795B-4E20-829C-41E15C092563}
	EndGlobalSection
EndGlobal
